<Solution>
    <Configurations>
        <Platform Name="Any CPU"/>
        <Platform Name="x64"/>
        <Platform Name="x86"/>
    </Configurations>
    <Project Path="Commands/Commands.fsproj"/>
    <Project Path="Compiler/Compiler.csproj"/>
    <Project Path="Frontend/Frontend.csproj"/>
</Solution>
